
Microsoft Visual Studio Solution File, Format Version 12.00
# Visual Studio Version 17
VisualStudioVersion = 17.9.34728.123
MinimumVisualStudioVersion = 10.0.40219.1
Project("{FAE04EC0-301F-11D3-BF4B-00C04F79EFBC}") = "LayelossherWeapon1", "LayelossherWeapon1\LayelossherWeapon1.csproj", "{90533079-22EB-4CC0-9F95-2E32F8CF9795}"
EndProject
Global
	GlobalSection(SolutionConfigurationPlatforms) = preSolution
		Debug|Any CPU = Debug|Any CPU
		Release|Any CPU = Release|Any CPU
	EndGlobalSection
	GlobalSection(ProjectConfigurationPlatforms) = postSolution
		{90533079-22EB-4CC0-9F95-2E32F8CF9795}.Debug|Any CPU.ActiveCfg = Debug|Any CPU
		{90533079-22EB-4CC0-9F95-2E32F8CF9795}.Debug|Any CPU.Build.0 = Debug|Any CPU
		{90533079-22EB-4CC0-9F95-2E32F8CF9795}.Release|Any CPU.ActiveCfg = Release|Any CPU
		{90533079-22EB-4CC0-9F95-2E32F8CF9795}.Release|Any CPU.Build.0 = Release|Any CPU
	EndGlobalSection
	GlobalSection(SolutionProperties) = preSolution
		HideSolutionNode = FALSE
	EndGlobalSection
	GlobalSection(ExtensibilityGlobals) = postSolution
		SolutionGuid = {32E71A76-7193-4EA5-9AC5-3A3F30A9946A}
	EndGlobalSection
EndGlobal
